
Microsoft Visual Studio Solution File, Format Version 12.00
# Visual Studio Version 17
VisualStudioVersion = 17.4.33205.214
MinimumVisualStudioVersion = 10.0.40219.1
Project("{8BC9CEB8-8B4A-11D0-8D11-00A0C91BC942}") = "conqueror", "conqueror\conqueror.vcxproj", "{26ACFE0C-4D31-4D34-BCB9-EE1A28693BDD}"
EndProject
Project("{8BC9CEB8-8B4A-11D0-8D11-00A0C91BC942}") = "core", "core\core.vcxproj", "{4F679CEB-E7F9-44F6-A10C-4D8425A961A5}"
EndProject
Global
	GlobalSection(SolutionConfigurationPlatforms) = preSolution
		Debug|x64 = Debug|x64
		Release|x64 = Release|x64
	EndGlobalSection
	GlobalSection(ProjectConfigurationPlatforms) = postSolution
		{26ACFE0C-4D31-4D34-BCB9-EE1A28693BDD}.Debug|x64.ActiveCfg = Debug|x64
		{26ACFE0C-4D31-4D34-BCB9-EE1A28693BDD}.Debug|x64.Build.0 = Debug|x64
		{26ACFE0C-4D31-4D34-BCB9-EE1A28693BDD}.Release|x64.ActiveCfg = Release|x64
		{26ACFE0C-4D31-4D34-BCB9-EE1A28693BDD}.Release|x64.Build.0 = Release|x64
		{4F679CEB-E7F9-44F6-A10C-4D8425A961A5}.Debug|x64.ActiveCfg = Debug|x64
		{4F679CEB-E7F9-44F6-A10C-4D8425A961A5}.Debug|x64.Build.0 = Debug|x64
		{4F679CEB-E7F9-44F6-A10C-4D8425A961A5}.Release|x64.ActiveCfg = Release|x64
		{4F679CEB-E7F9-44F6-A10C-4D8425A961A5}.Release|x64.Build.0 = Release|x64
	EndGlobalSection
	GlobalSection(SolutionProperties) = preSolution
		HideSolutionNode = FALSE
	EndGlobalSection
	GlobalSection(ExtensibilityGlobals) = postSolution
		SolutionGuid = {677E55D4-FD64-469D-BCC8-28A8EF7A37E6}
	EndGlobalSection
EndGlobal
